<?xml version="1.0" encoding="utf-8"?>
<Project ToolsVersion="4.0" xmlns="http://schemas.microsoft.com/developer/msbuild/2003">
  <ItemGroup>
    <Filter Include="Source Files">
      <UniqueIdentifier>{4FC737F1-C7A5-4376-A066-2A32D752A2FF}</UniqueIdentifier>
      <Extensions>cpp;c;cc;cxx;def;odl;idl;hpj;bat;asm;asmx</Extensions>
    </Filter>
    <Filter Include="Header Files">
      <UniqueIdentifier>{93995380-89BD-4b04-88EB-625FBE52EBFB}</UniqueIdentifier>
      <Extensions>h;hh;hpp;hxx;hm;inl;inc;ipp;xsd</Extensions>
    </Filter>
    <Filter Include="Resource Files">
      <UniqueIdentifier>{67DA6AB6-F800-4c08-8B7A-83BB121AAD01}</UniqueIdentifier>
      <Extensions>rc;ico;cur;bmp;dlg;rc2;rct;bin;rgs;gif;jpg;jpeg;jpe;resx;tiff;tif;png;wav;mfcribbon-ms</Extensions>
    </Filter>
    <Filter Include="Header Files\Input">
      <UniqueIdentifier>{1980e9ba-df94-4efd-bbc3-ad10b3844273}</UniqueIdentifier>
    </Filter>
    <Filter Include="Header Files\Graphics">
      <UniqueIdentifier>{77278c64-4e35-4348-b12f-1287f09d1264}</UniqueIdentifier>
    </Filter>
    <Filter Include="Header Files\Scene">
      <UniqueIdentifier>{b8edad95-8f57-47e9-8d6a-349a0494d7ef}</UniqueIdentifier>
    </Filter>
    <Filter Include="Header Files\Scene\Component">
      <UniqueIdentifier>{f628d0a7-780f-4ac9-bff8-8a1183319f83}</UniqueIdentifier>
    </Filter>
    <Filter Include="Source Files\Graphics">
      <UniqueIdentifier>{832ee3a5-633d-402f-af43-1b55a1b0df5d}</UniqueIdentifier>
    </Filter>
    <Filter Include="Source Files\Scene">
      <UniqueIdentifier>{d48d1aef-2e3b-4faf-91e3-74e84638f0a7}</UniqueIdentifier>
    </Filter>
    <Filter Include="Source Files\Scene\Component">
      <UniqueIdentifier>{5db88471-20e8-4da4-b333-10de8520b7a1}</UniqueIdentifier>
    </Filter>
    <Filter Include="Source Files\Physics">
      <UniqueIdentifier>{f0beda4a-45d2-4647-b89e-3cf906315621}</UniqueIdentifier>
    </Filter>
    <Filter Include="Header Files\Physics">
      <UniqueIdentifier>{9d244ad7-9958-4b44-be91-8ee1f21476ab}</UniqueIdentifier>
    </Filter>
    <Filter Include="Header Files\Audio">
      <UniqueIdentifier>{f35e189c-e3d2-4f52-addc-d22152f4c9c0}</UniqueIdentifier>
    </Filter>
    <Filter Include="Source Files\Audio">
      <UniqueIdentifier>{7104ea9a-801c-4add-b8b3-9dca21cd4aa7}</UniqueIdentifier>
    </Filter>
    <Filter Include="Header Files\Event">
      <UniqueIdentifier>{cb0e4042-cc62-4120-a9dc-138904302c93}</UniqueIdentifier>
    </Filter>
    <Filter Include="Header Files\Event\EventData">
      <UniqueIdentifier>{671ed7c2-3b46-47ba-8bd7-271fe143f005}</UniqueIdentifier>
    </Filter>
    <Filter Include="Scripts">
      <UniqueIdentifier>{81ccbe53-1a3a-4baf-b0cc-91db5686c127}</UniqueIdentifier>
    </Filter>
    <Filter Include="Scenes">
      <UniqueIdentifier>{ef170046-f9d6-4685-9f7a-0f707d3fa785}</UniqueIdentifier>
    </Filter>
    <Filter Include="Source Files\Input">
      <UniqueIdentifier>{c6364efe-3381-4848-85d3-3904e699a752}</UniqueIdentifier>
    </Filter>
  </ItemGroup>
  <ItemGroup>
    <ClCompile Include="..\Source\Main.cpp">
      <Filter>Source Files</Filter>
    </ClCompile>
    <ClCompile Include="..\Source\Engine\System\BlueJadeII.cpp">
      <Filter>Source Files</Filter>
    </ClCompile>
    <ClCompile Include="..\Source\Engine\System\Input\KeyboardHandler.h">
      <Filter>Header Files\Input</Filter>
    </ClCompile>
    <ClCompile Include="..\Source\Engine\System\Scene\Component\BaseComponent.cpp">
      <Filter>Source Files\Scene\Component</Filter>
    </ClCompile>
    <ClCompile Include="..\Source\Engine\System\Scene\GameObject.cpp">
      <Filter>Source Files\Scene</Filter>
    </ClCompile>
    <ClCompile Include="..\Source\Engine\System\Scene\GameObjectManager.cpp">
      <Filter>Source Files\Scene</Filter>
    </ClCompile>
    <ClCompile Include="..\Source\Engine\System\Scene\Component\TransformComponent.cpp">
      <Filter>Source Files\Scene\Component</Filter>
    </ClCompile>
    <ClCompile Include="..\Source\Engine\System\Graphics\GraphicsSystem.cpp">
      <Filter>Source Files\Graphics</Filter>
    </ClCompile>
    <ClCompile Include="..\Source\Engine\System\Physics\PhysicsSystem.cpp">
      <Filter>Source Files\Physics</Filter>
    </ClCompile>
    <ClCompile Include="..\Source\Engine\System\Scene\Component\PhysicsRBody.cpp">
      <Filter>Source Files\Scene\Component</Filter>
    </ClCompile>
    <ClCompile Include="..\Source\Engine\System\Scene\Component\SpriteRenderer.cpp">
      <Filter>Source Files\Scene\Component</Filter>
    </ClCompile>
    <ClCompile Include="..\Source\Engine\System\Audio\AudioSystem.cpp">
      <Filter>Source Files\Audio</Filter>
    </ClCompile>
    <ClCompile Include="..\Source\Engine\System\Scene\Component\AudioPlayer.cpp">
      <Filter>Source Files\Scene\Component</Filter>
    </ClCompile>
    <ClCompile Include="..\Source\Engine\System\Event\EventData\EvtData_Keydown.cpp">
      <Filter>Header Files\Event\EventData</Filter>
    </ClCompile>
    <ClCompile Include="..\Source\Engine\System\Event\EventManager.cpp">
      <Filter>Header Files\Event</Filter>
    </ClCompile>
    <ClCompile Include="..\Source\Engine\System\Scene\SceneManager.cpp">
      <Filter>Source Files\Scene</Filter>
    </ClCompile>
    <ClCompile Include="..\Source\Engine\System\Scene\Component\Script.cpp">
      <Filter>Source Files\Scene\Component</Filter>
    </ClCompile>
    <ClCompile Include="..\Source\Engine\System\Scene\Component\Paddle.cpp">
      <Filter>Source Files\Scene\Component</Filter>
    </ClCompile>
    <ClCompile Include="..\Source\Engine\System\Input\InputManager.cpp">
      <Filter>Source Files\Input</Filter>
    </ClCompile>
    <ClCompile Include="..\Source\Engine\System\Scene\Component\Brick.cpp">
      <Filter>Source Files\Scene\Component</Filter>
    </ClCompile>
  </ItemGroup>
  <ItemGroup>
    <ClInclude Include="..\Source\Engine\System\BlueJadeII.h">
      <Filter>Header Files</Filter>
    </ClInclude>
    <ClInclude Include="..\Source\Engine\System\Scene\GameObject.h">
      <Filter>Header Files\Scene</Filter>
    </ClInclude>
    <ClInclude Include="..\Source\Engine\System\Scene\GameObjectManager.h">
      <Filter>Header Files\Scene</Filter>
    </ClInclude>
    <ClInclude Include="..\Source\Engine\System\Input\InputInterfaces.h">
      <Filter>Header Files\Input</Filter>
    </ClInclude>
    <ClInclude Include="..\Source\Engine\System\Input\InputManager.h">
      <Filter>Header Files\Input</Filter>
    </ClInclude>
    <ClInclude Include="..\Source\Engine\System\Scene\Component\BaseComponent.h">
      <Filter>Header Files\Scene\Component</Filter>
    </ClInclude>
    <ClInclude Include="..\Source\Engine\System\Scene\Component\TransformComponent.h">
      <Filter>Header Files\Scene\Component</Filter>
    </ClInclude>
    <ClInclude Include="..\Source\Engine\System\Graphics\GraphicsSystem.h">
      <Filter>Header Files\Graphics</Filter>
    </ClInclude>
    <ClInclude Include="..\Source\Engine\System\Physics\PhysicsSystem.h">
      <Filter>Header Files\Physics</Filter>
    </ClInclude>
    <ClInclude Include="..\Source\Engine\System\Scene\Component\PhysicsRBody.h">
      <Filter>Header Files\Scene\Component</Filter>
    </ClInclude>
    <ClInclude Include="..\Source\Engine\System\Scene\Component\SpriteRenderer.h">
      <Filter>Header Files\Scene\Component</Filter>
    </ClInclude>
    <ClInclude Include="..\Source\Engine\System\Audio\AudioSystem.h">
      <Filter>Header Files\Audio</Filter>
    </ClInclude>
    <ClInclude Include="..\Source\Engine\System\Scene\Component\AudioPlayer.h">
      <Filter>Header Files\Scene\Component</Filter>
    </ClInclude>
    <ClInclude Include="..\Source\Engine\System\Event\EventTypes.h">
      <Filter>Header Files\Event</Filter>
    </ClInclude>
    <ClInclude Include="..\Source\Engine\System\Event\EventData\BaseEventData.h">
      <Filter>Header Files\Event\EventData</Filter>
    </ClInclude>
    <ClInclude Include="..\Source\Engine\System\Event\EventData\IEventData.h">
      <Filter>Header Files\Event\EventData</Filter>
    </ClInclude>
    <ClInclude Include="..\Source\Engine\System\Event\EventData\EvtData_Keydown.h">
      <Filter>Header Files\Event\EventData</Filter>
    </ClInclude>
    <ClInclude Include="..\Source\Engine\System\Event\IEventManager.h">
      <Filter>Header Files\Event</Filter>
    </ClInclude>
    <ClInclude Include="..\Source\Engine\System\Event\FastDelegate.h">
      <Filter>Header Files\Event</Filter>
    </ClInclude>
    <ClInclude Include="..\Source\Engine\System\Event\FastDelegateBind.h">
      <Filter>Header Files\Event</Filter>
    </ClInclude>
    <ClInclude Include="..\Source\Engine\System\Event\EventManager.h">
      <Filter>Header Files\Event</Filter>
    </ClInclude>
    <ClInclude Include="..\Source\Engine\System\Scene\SceneManager.h">
      <Filter>Header Files\Scene</Filter>
    </ClInclude>
    <ClInclude Include="..\Source\Engine\System\Scene\Component\Script.h">
      <Filter>Header Files\Scene\Component</Filter>
    </ClInclude>
    <ClInclude Include="..\Source\Engine\System\Scene\Component\Paddle.h">
      <Filter>Header Files\Scene\Component</Filter>
    </ClInclude>
    <ClInclude Include="..\Source\Engine\System\Scene\Component\Brick.h">
      <Filter>Header Files\Scene\Component</Filter>
    </ClInclude>
  </ItemGroup>
  <ItemGroup>
    <None Include="..\Source\LuaFunc\test.lua">
      <Filter>Scripts</Filter>
    </None>
  </ItemGroup>
  <ItemGroup>
    <Xml Include="..\Assets\Scenes\SampleScene.xml">
      <Filter>Scenes</Filter>
    </Xml>
  </ItemGroup>
</Project>